
Microsoft Visual Studio Solution File, Format Version 12.00
# Visual Studio Version 16
VisualStudioVersion = 16.0.29911.84
MinimumVisualStudioVersion = 10.0.40219.1
Project("{8BC9CEB8-8B4A-11D0-8D11-00A0C91BC942}") = "calculator", "calculator\calculator.vcxproj", "{892E23D4-13CB-456B-91CA-1C67CF8B0C70}"
EndProject
Global
	GlobalSection(SolutionConfigurationPlatforms) = preSolution
		Debug|x64 = Debug|x64
		Debug|x86 = Debug|x86
		Release|x64 = Release|x64
		Release|x86 = Release|x86
	EndGlobalSection
	GlobalSection(ProjectConfigurationPlatforms) = postSolution
		{892E23D4-13CB-456B-91CA-1C67CF8B0C70}.Debug|x64.ActiveCfg = Debug|x64
		{892E23D4-13CB-456B-91CA-1C67CF8B0C70}.Debug|x64.Build.0 = Debug|x64
		{892E23D4-13CB-456B-91CA-1C67CF8B0C70}.Debug|x86.ActiveCfg = Debug|Win32
		{892E23D4-13CB-456B-91CA-1C67CF8B0C70}.Debug|x86.Build.0 = Debug|Win32
		{892E23D4-13CB-456B-91CA-1C67CF8B0C70}.Release|x64.ActiveCfg = Release|x64
		{892E23D4-13CB-456B-91CA-1C67CF8B0C70}.Release|x64.Build.0 = Release|x64
		{892E23D4-13CB-456B-91CA-1C67CF8B0C70}.Release|x86.ActiveCfg = Release|Win32
		{892E23D4-13CB-456B-91CA-1C67CF8B0C70}.Release|x86.Build.0 = Release|Win32
	EndGlobalSection
	GlobalSection(SolutionProperties) = preSolution
		HideSolutionNode = FALSE
	EndGlobalSection
	GlobalSection(ExtensibilityGlobals) = postSolution
		SolutionGuid = {D69EBBC1-FCCB-4EEF-9AD6-E561D1FF2F25}
	EndGlobalSection
EndGlobal
